
Microsoft Visual Studio Solution File, Format Version 12.00
# Visual Studio Version 16
VisualStudioVersion = 16.0.32510.428
MinimumVisualStudioVersion = 10.0.40219.1
Project("{FAE04EC0-301F-11D3-BF4B-00C04F79EFBC}") = "URI-ex-1035", "URI-ex-1035\URI-ex-1035.csproj", "{9D9E4ACC-EEFC-4777-A35B-89E6F0A44668}"
EndProject
Global
	GlobalSection(SolutionConfigurationPlatforms) = preSolution
		Debug|Any CPU = Debug|Any CPU
		Release|Any CPU = Release|Any CPU
	EndGlobalSection
	GlobalSection(ProjectConfigurationPlatforms) = postSolution
		{9D9E4ACC-EEFC-4777-A35B-89E6F0A44668}.Debug|Any CPU.ActiveCfg = Debug|Any CPU
		{9D9E4ACC-EEFC-4777-A35B-89E6F0A44668}.Debug|Any CPU.Build.0 = Debug|Any CPU
		{9D9E4ACC-EEFC-4777-A35B-89E6F0A44668}.Release|Any CPU.ActiveCfg = Release|Any CPU
		{9D9E4ACC-EEFC-4777-A35B-89E6F0A44668}.Release|Any CPU.Build.0 = Release|Any CPU
	EndGlobalSection
	GlobalSection(SolutionProperties) = preSolution
		HideSolutionNode = FALSE
	EndGlobalSection
	GlobalSection(ExtensibilityGlobals) = postSolution
		SolutionGuid = {417CB780-BC07-433F-9CE2-C084C95EC0F9}
	EndGlobalSection
EndGlobal
