
Microsoft Visual Studio Solution File, Format Version 12.00
# Visual Studio Version 16
VisualStudioVersion = 16.0.32510.428
MinimumVisualStudioVersion = 10.0.40219.1
Project("{FAE04EC0-301F-11D3-BF4B-00C04F79EFBC}") = "URI-ex-1010", "URI-ex-1010\URI-ex-1010.csproj", "{13F6FF40-ADE2-4EC0-AD92-73C8876B7292}"
EndProject
Global
	GlobalSection(SolutionConfigurationPlatforms) = preSolution
		Debug|Any CPU = Debug|Any CPU
		Release|Any CPU = Release|Any CPU
	EndGlobalSection
	GlobalSection(ProjectConfigurationPlatforms) = postSolution
		{13F6FF40-ADE2-4EC0-AD92-73C8876B7292}.Debug|Any CPU.ActiveCfg = Debug|Any CPU
		{13F6FF40-ADE2-4EC0-AD92-73C8876B7292}.Debug|Any CPU.Build.0 = Debug|Any CPU
		{13F6FF40-ADE2-4EC0-AD92-73C8876B7292}.Release|Any CPU.ActiveCfg = Release|Any CPU
		{13F6FF40-ADE2-4EC0-AD92-73C8876B7292}.Release|Any CPU.Build.0 = Release|Any CPU
	EndGlobalSection
	GlobalSection(SolutionProperties) = preSolution
		HideSolutionNode = FALSE
	EndGlobalSection
	GlobalSection(ExtensibilityGlobals) = postSolution
		SolutionGuid = {99F47085-32DE-486E-A14A-73ADFB510461}
	EndGlobalSection
EndGlobal
