
Microsoft Visual Studio Solution File, Format Version 12.00
# Visual Studio Version 16
VisualStudioVersion = 16.0.32510.428
MinimumVisualStudioVersion = 10.0.40219.1
Project("{FAE04EC0-301F-11D3-BF4B-00C04F79EFBC}") = "EntradaDeDados_part1_frases", "EntradaDeDados_part1_frases\EntradaDeDados_part1_frases.csproj", "{7A29500F-A2E9-4066-BF08-890391F65070}"
EndProject
Global
	GlobalSection(SolutionConfigurationPlatforms) = preSolution
		Debug|Any CPU = Debug|Any CPU
		Release|Any CPU = Release|Any CPU
	EndGlobalSection
	GlobalSection(ProjectConfigurationPlatforms) = postSolution
		{7A29500F-A2E9-4066-BF08-890391F65070}.Debug|Any CPU.ActiveCfg = Debug|Any CPU
		{7A29500F-A2E9-4066-BF08-890391F65070}.Debug|Any CPU.Build.0 = Debug|Any CPU
		{7A29500F-A2E9-4066-BF08-890391F65070}.Release|Any CPU.ActiveCfg = Release|Any CPU
		{7A29500F-A2E9-4066-BF08-890391F65070}.Release|Any CPU.Build.0 = Release|Any CPU
	EndGlobalSection
	GlobalSection(SolutionProperties) = preSolution
		HideSolutionNode = FALSE
	EndGlobalSection
	GlobalSection(ExtensibilityGlobals) = postSolution
		SolutionGuid = {64D8DA90-AC31-4072-9FCD-0D80B995A3C8}
	EndGlobalSection
EndGlobal
