
Microsoft Visual Studio Solution File, Format Version 12.00
# Visual Studio Version 16
VisualStudioVersion = 16.0.32510.428
MinimumVisualStudioVersion = 10.0.40219.1
Project("{FAE04EC0-301F-11D3-BF4B-00C04F79EFBC}") = "EntradaDeDados_ExeProposto", "EntradaDeDados_ExeProposto\EntradaDeDados_ExeProposto.csproj", "{7D550237-96BB-4ABD-88FA-805CC0165E72}"
EndProject
Global
	GlobalSection(SolutionConfigurationPlatforms) = preSolution
		Debug|Any CPU = Debug|Any CPU
		Release|Any CPU = Release|Any CPU
	EndGlobalSection
	GlobalSection(ProjectConfigurationPlatforms) = postSolution
		{7D550237-96BB-4ABD-88FA-805CC0165E72}.Debug|Any CPU.ActiveCfg = Debug|Any CPU
		{7D550237-96BB-4ABD-88FA-805CC0165E72}.Debug|Any CPU.Build.0 = Debug|Any CPU
		{7D550237-96BB-4ABD-88FA-805CC0165E72}.Release|Any CPU.ActiveCfg = Release|Any CPU
		{7D550237-96BB-4ABD-88FA-805CC0165E72}.Release|Any CPU.Build.0 = Release|Any CPU
	EndGlobalSection
	GlobalSection(SolutionProperties) = preSolution
		HideSolutionNode = FALSE
	EndGlobalSection
	GlobalSection(ExtensibilityGlobals) = postSolution
		SolutionGuid = {899D9F45-362F-4299-B62D-C1BEE10998F2}
	EndGlobalSection
EndGlobal
