
Microsoft Visual Studio Solution File, Format Version 12.00
# Visual Studio Version 16
VisualStudioVersion = 16.0.32510.428
MinimumVisualStudioVersion = 10.0.40219.1
Project("{FAE04EC0-301F-11D3-BF4B-00C04F79EFBC}") = "exemplo5", "exemplo5\exemplo5.csproj", "{FDCF462F-7FF7-4A88-9153-4DC550DFB1B8}"
EndProject
Global
	GlobalSection(SolutionConfigurationPlatforms) = preSolution
		Debug|Any CPU = Debug|Any CPU
		Release|Any CPU = Release|Any CPU
	EndGlobalSection
	GlobalSection(ProjectConfigurationPlatforms) = postSolution
		{FDCF462F-7FF7-4A88-9153-4DC550DFB1B8}.Debug|Any CPU.ActiveCfg = Debug|Any CPU
		{FDCF462F-7FF7-4A88-9153-4DC550DFB1B8}.Debug|Any CPU.Build.0 = Debug|Any CPU
		{FDCF462F-7FF7-4A88-9153-4DC550DFB1B8}.Release|Any CPU.ActiveCfg = Release|Any CPU
		{FDCF462F-7FF7-4A88-9153-4DC550DFB1B8}.Release|Any CPU.Build.0 = Release|Any CPU
	EndGlobalSection
	GlobalSection(SolutionProperties) = preSolution
		HideSolutionNode = FALSE
	EndGlobalSection
	GlobalSection(ExtensibilityGlobals) = postSolution
		SolutionGuid = {B9E06189-FA85-40F3-856F-DE54605B0E7D}
	EndGlobalSection
EndGlobal
