
Microsoft Visual Studio Solution File, Format Version 12.00
# Visual Studio Version 16
VisualStudioVersion = 16.0.32510.428
MinimumVisualStudioVersion = 10.0.40219.1
Project("{FAE04EC0-301F-11D3-BF4B-00C04F79EFBC}") = "ex-resol-01", "ex-resol-01\ex-resol-01.csproj", "{394D4588-1B2C-4D25-9D19-C43003D261BB}"
EndProject
Global
	GlobalSection(SolutionConfigurationPlatforms) = preSolution
		Debug|Any CPU = Debug|Any CPU
		Release|Any CPU = Release|Any CPU
	EndGlobalSection
	GlobalSection(ProjectConfigurationPlatforms) = postSolution
		{394D4588-1B2C-4D25-9D19-C43003D261BB}.Debug|Any CPU.ActiveCfg = Debug|Any CPU
		{394D4588-1B2C-4D25-9D19-C43003D261BB}.Debug|Any CPU.Build.0 = Debug|Any CPU
		{394D4588-1B2C-4D25-9D19-C43003D261BB}.Release|Any CPU.ActiveCfg = Release|Any CPU
		{394D4588-1B2C-4D25-9D19-C43003D261BB}.Release|Any CPU.Build.0 = Release|Any CPU
	EndGlobalSection
	GlobalSection(SolutionProperties) = preSolution
		HideSolutionNode = FALSE
	EndGlobalSection
	GlobalSection(ExtensibilityGlobals) = postSolution
		SolutionGuid = {73EC9839-9892-48E6-935E-17939984D685}
	EndGlobalSection
EndGlobal
