
Microsoft Visual Studio Solution File, Format Version 12.00
# Visual Studio Version 16
VisualStudioVersion = 16.0.32510.428
MinimumVisualStudioVersion = 10.0.40219.1
Project("{FAE04EC0-301F-11D3-BF4B-00C04F79EFBC}") = "URI-ex-1009", "URI-ex-1009\URI-ex-1009.csproj", "{C94D6A6B-9451-4D35-8165-F94AC3660BCD}"
EndProject
Global
	GlobalSection(SolutionConfigurationPlatforms) = preSolution
		Debug|Any CPU = Debug|Any CPU
		Release|Any CPU = Release|Any CPU
	EndGlobalSection
	GlobalSection(ProjectConfigurationPlatforms) = postSolution
		{C94D6A6B-9451-4D35-8165-F94AC3660BCD}.Debug|Any CPU.ActiveCfg = Debug|Any CPU
		{C94D6A6B-9451-4D35-8165-F94AC3660BCD}.Debug|Any CPU.Build.0 = Debug|Any CPU
		{C94D6A6B-9451-4D35-8165-F94AC3660BCD}.Release|Any CPU.ActiveCfg = Release|Any CPU
		{C94D6A6B-9451-4D35-8165-F94AC3660BCD}.Release|Any CPU.Build.0 = Release|Any CPU
	EndGlobalSection
	GlobalSection(SolutionProperties) = preSolution
		HideSolutionNode = FALSE
	EndGlobalSection
	GlobalSection(ExtensibilityGlobals) = postSolution
		SolutionGuid = {04BB296E-C989-4F1C-B921-978E5F26E568}
	EndGlobalSection
EndGlobal
