
Microsoft Visual Studio Solution File, Format Version 12.00
# Visual Studio Version 16
VisualStudioVersion = 16.0.32510.428
MinimumVisualStudioVersion = 10.0.40219.1
Project("{FAE04EC0-301F-11D3-BF4B-00C04F79EFBC}") = "ExeResolved01", "ExeResolved01\ExeResolved01.csproj", "{669B8BD5-0096-4AA2-84FA-AA2925079D0B}"
EndProject
Global
	GlobalSection(SolutionConfigurationPlatforms) = preSolution
		Debug|Any CPU = Debug|Any CPU
		Release|Any CPU = Release|Any CPU
	EndGlobalSection
	GlobalSection(ProjectConfigurationPlatforms) = postSolution
		{669B8BD5-0096-4AA2-84FA-AA2925079D0B}.Debug|Any CPU.ActiveCfg = Debug|Any CPU
		{669B8BD5-0096-4AA2-84FA-AA2925079D0B}.Debug|Any CPU.Build.0 = Debug|Any CPU
		{669B8BD5-0096-4AA2-84FA-AA2925079D0B}.Release|Any CPU.ActiveCfg = Release|Any CPU
		{669B8BD5-0096-4AA2-84FA-AA2925079D0B}.Release|Any CPU.Build.0 = Release|Any CPU
	EndGlobalSection
	GlobalSection(SolutionProperties) = preSolution
		HideSolutionNode = FALSE
	EndGlobalSection
	GlobalSection(ExtensibilityGlobals) = postSolution
		SolutionGuid = {F735CA05-C0D8-42BA-B000-31CFBF62B33E}
	EndGlobalSection
EndGlobal
