
Microsoft Visual Studio Solution File, Format Version 12.00
# Visual Studio Version 16
VisualStudioVersion = 16.0.32510.428
MinimumVisualStudioVersion = 10.0.40219.1
Project("{FAE04EC0-301F-11D3-BF4B-00C04F79EFBC}") = "ex-res-01", "ex-res-01\ex-res-01.csproj", "{A12D9A84-E050-4C1D-BF5F-615775D36CE5}"
EndProject
Global
	GlobalSection(SolutionConfigurationPlatforms) = preSolution
		Debug|Any CPU = Debug|Any CPU
		Release|Any CPU = Release|Any CPU
	EndGlobalSection
	GlobalSection(ProjectConfigurationPlatforms) = postSolution
		{A12D9A84-E050-4C1D-BF5F-615775D36CE5}.Debug|Any CPU.ActiveCfg = Debug|Any CPU
		{A12D9A84-E050-4C1D-BF5F-615775D36CE5}.Debug|Any CPU.Build.0 = Debug|Any CPU
		{A12D9A84-E050-4C1D-BF5F-615775D36CE5}.Release|Any CPU.ActiveCfg = Release|Any CPU
		{A12D9A84-E050-4C1D-BF5F-615775D36CE5}.Release|Any CPU.Build.0 = Release|Any CPU
	EndGlobalSection
	GlobalSection(SolutionProperties) = preSolution
		HideSolutionNode = FALSE
	EndGlobalSection
	GlobalSection(ExtensibilityGlobals) = postSolution
		SolutionGuid = {93EB2A85-E92B-4D2C-B098-24303BB10025}
	EndGlobalSection
EndGlobal
