
Microsoft Visual Studio Solution File, Format Version 12.00
# Visual Studio Version 16
VisualStudioVersion = 16.0.32510.428
MinimumVisualStudioVersion = 10.0.40219.1
Project("{FAE04EC0-301F-11D3-BF4B-00C04F79EFBC}") = "URI-ex-1044", "URI-ex-1044\URI-ex-1044.csproj", "{3E776BC3-4CB8-435B-AD99-8FF12DA51F6E}"
EndProject
Global
	GlobalSection(SolutionConfigurationPlatforms) = preSolution
		Debug|Any CPU = Debug|Any CPU
		Release|Any CPU = Release|Any CPU
	EndGlobalSection
	GlobalSection(ProjectConfigurationPlatforms) = postSolution
		{3E776BC3-4CB8-435B-AD99-8FF12DA51F6E}.Debug|Any CPU.ActiveCfg = Debug|Any CPU
		{3E776BC3-4CB8-435B-AD99-8FF12DA51F6E}.Debug|Any CPU.Build.0 = Debug|Any CPU
		{3E776BC3-4CB8-435B-AD99-8FF12DA51F6E}.Release|Any CPU.ActiveCfg = Release|Any CPU
		{3E776BC3-4CB8-435B-AD99-8FF12DA51F6E}.Release|Any CPU.Build.0 = Release|Any CPU
	EndGlobalSection
	GlobalSection(SolutionProperties) = preSolution
		HideSolutionNode = FALSE
	EndGlobalSection
	GlobalSection(ExtensibilityGlobals) = postSolution
		SolutionGuid = {81ED2976-3BCE-457F-A09F-606FC40A02D0}
	EndGlobalSection
EndGlobal
